
Microsoft Visual Studio Solution File, Format Version 12.00
# Visual Studio Version 16
VisualStudioVersion = 16.0.31613.86
MinimumVisualStudioVersion = 10.0.40219.1
Project("{FAE04EC0-301F-11D3-BF4B-00C04F79EFBC}") = "Minecraft Wii U Mod Injector Installer", "Minecraft Wii U Mod Injector Installer\Minecraft Wii U Mod Injector Installer.csproj", "{78A54DB0-B4B6-4A5E-A546-3F6041C049A8}"
EndProject
Global
	GlobalSection(SolutionConfigurationPlatforms) = preSolution
		Debug|Any CPU = Debug|Any CPU
		Release|Any CPU = Release|Any CPU
	EndGlobalSection
	GlobalSection(ProjectConfigurationPlatforms) = postSolution
		{78A54DB0-B4B6-4A5E-A546-3F6041C049A8}.Debug|Any CPU.ActiveCfg = Debug|Any CPU
		{78A54DB0-B4B6-4A5E-A546-3F6041C049A8}.Debug|Any CPU.Build.0 = Debug|Any CPU
		{78A54DB0-B4B6-4A5E-A546-3F6041C049A8}.Release|Any CPU.ActiveCfg = Release|Any CPU
		{78A54DB0-B4B6-4A5E-A546-3F6041C049A8}.Release|Any CPU.Build.0 = Release|Any CPU
	EndGlobalSection
	GlobalSection(SolutionProperties) = preSolution
		HideSolutionNode = FALSE
	EndGlobalSection
	GlobalSection(ExtensibilityGlobals) = postSolution
		SolutionGuid = {492A363D-8DA2-4B23-8343-59A5A8B07C0B}
	EndGlobalSection
EndGlobal
